
Microsoft Visual Studio Solution File, Format Version 12.00
# Visual Studio Version 16
VisualStudioVersion = 16.0.30413.136
MinimumVisualStudioVersion = 10.0.40219.1
Project("{FAE04EC0-301F-11D3-BF4B-00C04F79EFBC}") = "AddressBookSystemFileIO_Day-20", "AddressBookSystemFileIO_Day-20\AddressBookSystemFileIO_Day-20.csproj", "{29059124-9B89-4C25-A363-392260A1BE99}"
EndProject
Global
	GlobalSection(SolutionConfigurationPlatforms) = preSolution
		Debug|Any CPU = Debug|Any CPU
		Release|Any CPU = Release|Any CPU
	EndGlobalSection
	GlobalSection(ProjectConfigurationPlatforms) = postSolution
		{29059124-9B89-4C25-A363-392260A1BE99}.Debug|Any CPU.ActiveCfg = Debug|Any CPU
		{29059124-9B89-4C25-A363-392260A1BE99}.Debug|Any CPU.Build.0 = Debug|Any CPU
		{29059124-9B89-4C25-A363-392260A1BE99}.Release|Any CPU.ActiveCfg = Release|Any CPU
		{29059124-9B89-4C25-A363-392260A1BE99}.Release|Any CPU.Build.0 = Release|Any CPU
	EndGlobalSection
	GlobalSection(SolutionProperties) = preSolution
		HideSolutionNode = FALSE
	EndGlobalSection
	GlobalSection(ExtensibilityGlobals) = postSolution
		SolutionGuid = {CF6E3547-1BEE-40B2-9ACA-0807938E3C0C}
	EndGlobalSection
EndGlobal
